
Microsoft Visual Studio Solution File, Format Version 12.00
# Visual Studio Version 16
VisualStudioVersion = 16.0.31702.278
MinimumVisualStudioVersion = 10.0.40219.1
Project("{FAE04EC0-301F-11D3-BF4B-00C04F79EFBC}") = "laba1_AIS", "laba1_AIS.csproj", "{963EEF2E-BD06-4BC1-9382-901C90E54C12}"
EndProject
Global
	GlobalSection(SolutionConfigurationPlatforms) = preSolution
		Debug|Any CPU = Debug|Any CPU
		Release|Any CPU = Release|Any CPU
	EndGlobalSection
	GlobalSection(ProjectConfigurationPlatforms) = postSolution
		{963EEF2E-BD06-4BC1-9382-901C90E54C12}.Debug|Any CPU.ActiveCfg = Debug|Any CPU
		{963EEF2E-BD06-4BC1-9382-901C90E54C12}.Debug|Any CPU.Build.0 = Debug|Any CPU
		{963EEF2E-BD06-4BC1-9382-901C90E54C12}.Release|Any CPU.ActiveCfg = Release|Any CPU
		{963EEF2E-BD06-4BC1-9382-901C90E54C12}.Release|Any CPU.Build.0 = Release|Any CPU
	EndGlobalSection
	GlobalSection(SolutionProperties) = preSolution
		HideSolutionNode = FALSE
	EndGlobalSection
	GlobalSection(ExtensibilityGlobals) = postSolution
		SolutionGuid = {9F7CB1B7-FD74-4B81-BD0C-F9E9881E6F36}
	EndGlobalSection
EndGlobal
